// !$*UTF8*$!
{
	archiveVersion = 1;
	classes = {
	};
	objectVersion = 46;
	objects = {

/* Begin PBXBuildFile section */
		040594CA1DA2C673007D00A4 /* AppDelegate.swift in Sources */ = {isa = PBXBuildFile; fileRef = 040594C91DA2C673007D00A4 /* AppDelegate.swift */; };
		040594CC1DA2C673007D00A4 /* CiitesViewController.swift in Sources */ = {isa = PBXBuildFile; fileRef = 040594CB1DA2C673007D00A4 /* CiitesViewController.swift */; };
		040594CF1DA2C673007D00A4 /* Main.storyboard in Resources */ = {isa = PBXBuildFile; fileRef = 040594CD1DA2C673007D00A4 /* Main.storyboard */; };
		040594D11DA2C673007D00A4 /* Assets.xcassets in Resources */ = {isa = PBXBuildFile; fileRef = 040594D01DA2C673007D00A4 /* Assets.xcassets */; };
		040594D41DA2C673007D00A4 /* LaunchScreen.storyboard in Resources */ = {isa = PBXBuildFile; fileRef = 040594D21DA2C673007D00A4 /* LaunchScreen.storyboard */; };
		040594DC1DA2C76D007D00A4 /* CategoryViewController.swift in Sources */ = {isa = PBXBuildFile; fileRef = 040594DB1DA2C76D007D00A4 /* CategoryViewController.swift */; };
		040594DE1DA2C7E2007D00A4 /* FoodViewController.swift in Sources */ = {isa = PBXBuildFile; fileRef = 040594DD1DA2C7E2007D00A4 /* FoodViewController.swift */; };
/* End PBXBuildFile section */

/* Begin PBXFileReference section */
		040594C61DA2C673007D00A4 /* DeliveryFromLocals.app */ = {isa = PBXFileReference; explicitFileType = wrapper.application; includeInIndex = 0; path = DeliveryFromLocals.app; sourceTree = BUILT_PRODUCTS_DIR; };
		040594C91DA2C673007D00A4 /* AppDelegate.swift */ = {isa = PBXFileReference; lastKnownFileType = sourcecode.swift; path = AppDelegate.swift; sourceTree = "<group>"; };
		040594CB1DA2C673007D00A4 /* CiitesViewController.swift */ = {isa = PBXFileReference; lastKnownFileType = sourcecode.swift; path = CiitesViewController.swift; sourceTree = "<group>"; };
		040594CE1DA2C673007D00A4 /* Base */ = {isa = PBXFileReference; lastKnownFileType = file.storyboard; name = Base; path = Base.lproj/Main.storyboard; sourceTree = "<group>"; };
		040594D01DA2C673007D00A4 /* Assets.xcassets */ = {isa = PBXFileReference; lastKnownFileType = folder.assetcatalog; path = Assets.xcassets; sourceTree = "<group>"; };
		040594D31DA2C673007D00A4 /* Base */ = {isa = PBXFileReference; lastKnownFileType = file.storyboard; name = Base; path = Base.lproj/LaunchScreen.storyboard; sourceTree = "<group>"; };
		040594DB1DA2C76D007D00A4 /* CategoryViewController.swift */ = {isa = PBXFileReference; fileEncoding = 4; lastKnownFileType = sourcecode.swift; path = CategoryViewController.swift; sourceTree = "<group>"; };
		040594DD1DA2C7E2007D00A4 /* FoodViewController.swift */ = {isa = PBXFileReference; fileEncoding = 4; lastKnownFileType = sourcecode.swift; path = FoodViewController.swift; sourceTree = "<group>"; };
		04EDF96C1DAA658300FACEA1 /* food.json */ = {isa = PBXFileReference; fileEncoding = 4; lastKnownFileType = text.json; path = food.json; sourceTree = "<group>"; };
		04EDF96D1DAA658300FACEA1 /* Info.plist */ = {isa = PBXFileReference; fileEncoding = 4; lastKnownFileType = text.plist.xml; path = Info.plist; sourceTree = "<group>"; };
/* End PBXFileReference section */

/* Begin PBXFrameworksBuildPhase section */
		040594C31DA2C673007D00A4 /* Frameworks */ = {
			isa = PBXFrameworksBuildPhase;
			buildActionMask = 2147483647;
			files = (
			);
			runOnlyForDeploymentPostprocessing = 0;
		};
/* End PBXFrameworksBuildPhase section */

/* Begin PBXGroup section */
		040594BD1DA2C673007D00A4 = {
			isa = PBXGroup;
			children = (
				040594C81DA2C673007D00A4 /* DeliveryFromLocals */,
				040594C71DA2C673007D00A4 /* Products */,
			);
			sourceTree = "<group>";
		};
		040594C71DA2C673007D00A4 /* Products */ = {
			isa = PBXGroup;
			children = (
				040594C61DA2C673007D00A4 /* DeliveryFromLocals.app */,
			);
			name = Products;
			sourceTree = "<group>";
		};
		040594C81DA2C673007D00A4 /* DeliveryFromLocals */ = {
			isa = PBXGroup;
			children = (
				040594C91DA2C673007D00A4 /* AppDelegate.swift */,
				040594CB1DA2C673007D00A4 /* CiitesViewController.swift */,
				040594DB1DA2C76D007D00A4 /* CategoryViewController.swift */,
				040594DD1DA2C7E2007D00A4 /* FoodViewController.swift */,
				040594CD1DA2C673007D00A4 /* Main.storyboard */,
				040594D01DA2C673007D00A4 /* Assets.xcassets */,
				040594D21DA2C673007D00A4 /* LaunchScreen.storyboard */,
				04EDF96C1DAA658300FACEA1 /* food.json */,
				04EDF96D1DAA658300FACEA1 /* Info.plist */,
			);
			path = DeliveryFromLocals;
			sourceTree = "<group>";
		};
/* End PBXGroup section */

/* Begin PBXNativeTarget section */
		040594C51DA2C673007D00A4 /* DeliveryFromLocals */ = {
			isa = PBXNativeTarget;
			buildConfigurationList = 040594D81DA2C673007D00A4 /* Build configuration list for PBXNativeTarget "DeliveryFromLocals" */;
			buildPhases = (
				040594C21DA2C673007D00A4 /* Sources */,
				040594C31DA2C673007D00A4 /* Frameworks */,
				040594C41DA2C673007D00A4 /* Resources */,
			);
			buildRules = (
			);
			dependencies = (
			);
			name = DeliveryFromLocals;
			productName = DeliveryFromLocals;
			productReference = 040594C61DA2C673007D00A4 /* DeliveryFromLocals.app */;
			productType = "com.apple.product-type.application";
		};
/* End PBXNativeTarget section */

/* Begin PBXProject section */
		040594BE1DA2C673007D00A4 /* Project object */ = {
			isa = PBXProject;
			attributes = {
				LastSwiftUpdateCheck = 0730;
				LastUpgradeCheck = 0800;
				ORGANIZATIONNAME = "Georgii Emeljanow";
				TargetAttributes = {
					040594C51DA2C673007D00A4 = {
						CreatedOnToolsVersion = 7.3.1;
						LastSwiftMigration = 0800;
					};
				};
			};
			buildConfigurationList = 040594C11DA2C673007D00A4 /* Build configuration list for PBXProject "DeliveryFromLocals" */;
			compatibilityVersion = "Xcode 3.2";
			developmentRegion = English;
			hasScannedForEncodings = 0;
			knownRegions = (
				en,
				Base,
			);
			mainGroup = 040594BD1DA2C673007D00A4;
			productRefGroup = 040594C71DA2C673007D00A4 /* Products */;
			projectDirPath = "";
			projectRoot = "";
			targets = (
				040594C51DA2C673007D00A4 /* DeliveryFromLocals */,
			);
		};
/* End PBXProject section */

/* Begin PBXResourcesBuildPhase section */
		040594C41DA2C673007D00A4 /* Resources */ = {
			isa = PBXResourcesBuildPhase;
			buildActionMask = 2147483647;
			files = (
				040594D41DA2C673007D00A4 /* LaunchScreen.storyboard in Resources */,
				040594D11DA2C673007D00A4 /* Assets.xcassets in Resources */,
				040594CF1DA2C673007D00A4 /* Main.storyboard in Resources */,
			);
			runOnlyForDeploymentPostprocessing = 0;
		};
/* End PBXResourcesBuildPhase section */

/* Begin PBXSourcesBuildPhase section */
		040594C21DA2C673007D00A4 /* Sources */ = {
			isa = PBXSourcesBuildPhase;
			buildActionMask = 2147483647;
			files = (
				040594CC1DA2C673007D00A4 /* CiitesViewController.swift in Sources */,
				040594DC1DA2C76D007D00A4 /* CategoryViewController.swift in Sources */,
				040594DE1DA2C7E2007D00A4 /* FoodViewController.swift in Sources */,
				040594CA1DA2C673007D00A4 /* AppDelegate.swift in Sources */,
			);
			runOnlyForDeploymentPostprocessing = 0;
		};
/* End PBXSourcesBuildPhase section */

/* Begin PBXVariantGroup section */
		040594CD1DA2C673007D00A4 /* Main.storyboard */ = {
			isa = PBXVariantGroup;
			children = (
				040594CE1DA2C673007D00A4 /* Base */,
			);
			name = Main.storyboard;
			sourceTree = "<group>";
		};
		040594D21DA2C673007D00A4 /* LaunchScreen.storyboard */ = {
			isa = PBXVariantGroup;
			children = (
				040594D31DA2C673007D00A4 /* Base */,
			);
			name = LaunchScreen.storyboard;
			sourceTree = "<group>";
		};
/* End PBXVariantGroup section */

/* Begin XCBuildConfiguration section */
		040594D61DA2C673007D00A4 /* Debug */ = {
			isa = XCBuildConfiguration;
			buildSettings = {
				ALWAYS_SEARCH_USER_PATHS = NO;
				CLANG_ANALYZER_NONNULL = YES;
				CLANG_CXX_LANGUAGE_STANDARD = "gnu++0x";
				CLANG_CXX_LIBRARY = "libc++";
				CLANG_ENABLE_MODULES = YES;
				CLANG_ENABLE_OBJC_ARC = YES;
				CLANG_WARN_BOOL_CONVERSION = YES;
				CLANG_WARN_CONSTANT_CONVERSION = YES;
				CLANG_WARN_DIRECT_OBJC_ISA_USAGE = YES_ERROR;
				CLANG_WARN_EMPTY_BODY = YES;
				CLANG_WARN_ENUM_CONVERSION = YES;
				CLANG_WARN_INFINITE_RECURSION = YES;
				CLANG_WARN_INT_CONVERSION = YES;
				CLANG_WARN_OBJC_ROOT_CLASS = YES_ERROR;
				CLANG_WARN_SUSPICIOUS_MOVE = YES;
				CLANG_WARN_UNREACHABLE_CODE = YES;
				CLANG_WARN__DUPLICATE_METHOD_MATCH = YES;
				"CODE_SIGN_IDENTITY[sdk=iphoneos*]" = "iPhone Developer";
				COPY_PHASE_STRIP = NO;
				DEBUG_INFORMATION_FORMAT = dwarf;
				ENABLE_STRICT_OBJC_MSGSEND = YES;
				ENABLE_TESTABILITY = YES;
				GCC_C_LANGUAGE_STANDARD = gnu99;
				GCC_DYNAMIC_NO_PIC = NO;
				GCC_NO_COMMON_BLOCKS = YES;
				GCC_OPTIMIZATION_LEVEL = 0;
				GCC_PREPROCESSOR_DEFINITIONS = (
					"DEBUG=1",
					"$(inherited)",
				);
				GCC_WARN_64_TO_32_BIT_CONVERSION = YES;
				GCC_WARN_ABOUT_RETURN_TYPE = YES_ERROR;
				GCC_WARN_UNDECLARED_SELECTOR = YES;
				GCC_WARN_UNINITIALIZED_AUTOS = YES_AGGRESSIVE;
				GCC_WARN_UNUSED_FUNCTION = YES;
				GCC_WARN_UNUSED_VARIABLE = YES;
				IPHONEOS_DEPLOYMENT_TARGET = 9.3;
				MTL_ENABLE_DEBUG_INFO = YES;
				ONLY_ACTIVE_ARCH = YES;
				SDKROOT = iphoneos;
				SWIFT_OPTIMIZATION_LEVEL = "-Onone";
				TARGETED_DEVICE_FAMILY = "1,2";
			};
			name = Debug;
		};
		040594D71DA2C673007D00A4 /* Release */ = {
			isa = XCBuildConfiguration;
			buildSettings = {
				ALWAYS_SEARCH_USER_PATHS = NO;
				CLANG_ANALYZER_NONNULL = YES;
				CLANG_CXX_LANGUAGE_STANDARD = "gnu++0x";
				CLANG_CXX_LIBRARY = "libc++";
				CLANG_ENABLE_MODULES = YES;
				CLANG_ENABLE_OBJC_ARC = YES;
				CLANG_WARN_BOOL_CONVERSION = YES;
				CLANG_WARN_CONSTANT_CONVERSION = YES;
				CLANG_WARN_DIRECT_OBJC_ISA_USAGE = YES_ERROR;
				CLANG_WARN_EMPTY_BODY = YES;
				CLANG_WARN_ENUM_CONVERSION = YES;
				CLANG_WARN_INFINITE_RECURSION = YES;
				CLANG_WARN_INT_CONVERSION = YES;
				CLANG_WARN_OBJC_ROOT_CLASS = YES_ERROR;
				CLANG_WARN_SUSPICIOUS_MOVE = YES;
				CLANG_WARN_UNREACHABLE_CODE = YES;
				CLANG_WARN__DUPLICATE_METHOD_MATCH = YES;
				"CODE_SIGN_IDENTITY[sdk=iphoneos*]" = "iPhone Developer";
				COPY_PHASE_STRIP = NO;
				DEBUG_INFORMATION_FORMAT = "dwarf-with-dsym";
				ENABLE_NS_ASSERTIONS = NO;
				ENABLE_STRICT_OBJC_MSGSEND = YES;
				GCC_C_LANGUAGE_STANDARD = gnu99;
				GCC_NO_COMMON_BLOCKS = YES;
				GCC_WARN_64_TO_32_BIT_CONVERSION = YES;
				GCC_WARN_ABOUT_RETURN_TYPE = YES_ERROR;
				GCC_WARN_UNDECLARED_SELECTOR = YES;
				GCC_WARN_UNINITIALIZED_AUTOS = YES_AGGRESSIVE;
				GCC_WARN_UNUSED_FUNCTION = YES;
				GCC_WARN_UNUSED_VARIABLE = YES;
				IPHONEOS_DEPLOYMENT_TARGET = 9.3;
				MTL_ENABLE_DEBUG_INFO = NO;
				SDKROOT = iphoneos;
				SWIFT_OPTIMIZATION_LEVEL = "-Owholemodule";
				TARGETED_DEVICE_FAMILY = "1,2";
				VALIDATE_PRODUCT = YES;
			};
			name = Release;
		};
		040594D91DA2C673007D00A4 /* Debug */ = {
			isa = XCBuildConfiguration;
			buildSettings = {
				ASSETCATALOG_COMPILER_APPICON_NAME = AppIcon;
				INFOPLIST_FILE = DeliveryFromLocals/Info.plist;
				LD_RUNPATH_SEARCH_PATHS = "$(inherited) @executable_path/Frameworks";
				PRODUCT_BUNDLE_IDENTIFIER = com.igeorg.DeliveryFromLocals;
				PRODUCT_NAME = "$(TARGET_NAME)";
				SWIFT_VERSION = 3.0;
			};
			name = Debug;
		};
		040594DA1DA2C673007D00A4 /* Release */ = {
			isa = XCBuildConfiguration;
			buildSettings = {
				ASSETCATALOG_COMPILER_APPICON_NAME = AppIcon;
				INFOPLIST_FILE = DeliveryFromLocals/Info.plist;
				LD_RUNPATH_SEARCH_PATHS = "$(inherited) @executable_path/Frameworks";
				PRODUCT_BUNDLE_IDENTIFIER = com.igeorg.DeliveryFromLocals;
				PRODUCT_NAME = "$(TARGET_NAME)";
				SWIFT_VERSION = 3.0;
			};
			name = Release;
		};
/* End XCBuildConfiguration section */

/* Begin XCConfigurationList section */
		040594C11DA2C673007D00A4 /* Build configuration list for PBXProject "DeliveryFromLocals" */ = {
			isa = XCConfigurationList;
			buildConfigurations = (
				040594D61DA2C673007D00A4 /* Debug */,
				040594D71DA2C673007D00A4 /* Release */,
			);
			defaultConfigurationIsVisible = 0;
			defaultConfigurationName = Release;
		};
		040594D81DA2C673007D00A4 /* Build configuration list for PBXNativeTarget "DeliveryFromLocals" */ = {
			isa = XCConfigurationList;
			buildConfigurations = (
				040594D91DA2C673007D00A4 /* Debug */,
				040594DA1DA2C673007D00A4 /* Release */,
			);
			defaultConfigurationIsVisible = 0;
			defaultConfigurationName = Release;
		};
/* End XCConfigurationList section */
	};
	rootObject = 040594BE1DA2C673007D00A4 /* Project object */;
}
